
Microsoft Visual Studio Solution File, Format Version 12.00
# Visual Studio Version 16
VisualStudioVersion = 16.0.30114.105
MinimumVisualStudioVersion = 10.0.40219.1
Project("{FAE04EC0-301F-11D3-BF4B-00C04F79EFBC}") = "Project0.StoreApplication.Client", "Project0.StoreApplication.Client\Project0.StoreApplication.Client.csproj", "{77E7E8AD-71B1-4FB1-AD10-98879DE82F99}"
EndProject
Project("{FAE04EC0-301F-11D3-BF4B-00C04F79EFBC}") = "Project0.StoreApplication.Domain", "Project0.StoreApplication.Domain\Project0.StoreApplication.Domain.csproj", "{988ABA2F-1B74-467E-A9CD-48608CF441CE}"
EndProject
Project("{FAE04EC0-301F-11D3-BF4B-00C04F79EFBC}") = "Project0.StoreApplication.Storage", "Project0.StoreApplication.Storage\Project0.StoreApplication.Storage.csproj", "{430E1107-94C6-43D5-AFEE-C17672854112}"
EndProject
Project("{FAE04EC0-301F-11D3-BF4B-00C04F79EFBC}") = "Project0.StoreApplication.Testing", "Project0.StoreApplication.Testing\Project0.StoreApplication.Testing.csproj", "{7FC42758-3F2D-42E2-88EA-622C5D7F3DF9}"
EndProject
Global
	GlobalSection(SolutionConfigurationPlatforms) = preSolution
		Debug|Any CPU = Debug|Any CPU
		Debug|x64 = Debug|x64
		Debug|x86 = Debug|x86
		Release|Any CPU = Release|Any CPU
		Release|x64 = Release|x64
		Release|x86 = Release|x86
	EndGlobalSection
	GlobalSection(SolutionProperties) = preSolution
		HideSolutionNode = FALSE
	EndGlobalSection
	GlobalSection(ProjectConfigurationPlatforms) = postSolution
		{77E7E8AD-71B1-4FB1-AD10-98879DE82F99}.Debug|Any CPU.ActiveCfg = Debug|Any CPU
		{77E7E8AD-71B1-4FB1-AD10-98879DE82F99}.Debug|Any CPU.Build.0 = Debug|Any CPU
		{77E7E8AD-71B1-4FB1-AD10-98879DE82F99}.Debug|x64.ActiveCfg = Debug|Any CPU
		{77E7E8AD-71B1-4FB1-AD10-98879DE82F99}.Debug|x64.Build.0 = Debug|Any CPU
		{77E7E8AD-71B1-4FB1-AD10-98879DE82F99}.Debug|x86.ActiveCfg = Debug|Any CPU
		{77E7E8AD-71B1-4FB1-AD10-98879DE82F99}.Debug|x86.Build.0 = Debug|Any CPU
		{77E7E8AD-71B1-4FB1-AD10-98879DE82F99}.Release|Any CPU.ActiveCfg = Release|Any CPU
		{77E7E8AD-71B1-4FB1-AD10-98879DE82F99}.Release|Any CPU.Build.0 = Release|Any CPU
		{77E7E8AD-71B1-4FB1-AD10-98879DE82F99}.Release|x64.ActiveCfg = Release|Any CPU
		{77E7E8AD-71B1-4FB1-AD10-98879DE82F99}.Release|x64.Build.0 = Release|Any CPU
		{77E7E8AD-71B1-4FB1-AD10-98879DE82F99}.Release|x86.ActiveCfg = Release|Any CPU
		{77E7E8AD-71B1-4FB1-AD10-98879DE82F99}.Release|x86.Build.0 = Release|Any CPU
		{988ABA2F-1B74-467E-A9CD-48608CF441CE}.Debug|Any CPU.ActiveCfg = Debug|Any CPU
		{988ABA2F-1B74-467E-A9CD-48608CF441CE}.Debug|Any CPU.Build.0 = Debug|Any CPU
		{988ABA2F-1B74-467E-A9CD-48608CF441CE}.Debug|x64.ActiveCfg = Debug|Any CPU
		{988ABA2F-1B74-467E-A9CD-48608CF441CE}.Debug|x64.Build.0 = Debug|Any CPU
		{988ABA2F-1B74-467E-A9CD-48608CF441CE}.Debug|x86.ActiveCfg = Debug|Any CPU
		{988ABA2F-1B74-467E-A9CD-48608CF441CE}.Debug|x86.Build.0 = Debug|Any CPU
		{988ABA2F-1B74-467E-A9CD-48608CF441CE}.Release|Any CPU.ActiveCfg = Release|Any CPU
		{988ABA2F-1B74-467E-A9CD-48608CF441CE}.Release|Any CPU.Build.0 = Release|Any CPU
		{988ABA2F-1B74-467E-A9CD-48608CF441CE}.Release|x64.ActiveCfg = Release|Any CPU
		{988ABA2F-1B74-467E-A9CD-48608CF441CE}.Release|x64.Build.0 = Release|Any CPU
		{988ABA2F-1B74-467E-A9CD-48608CF441CE}.Release|x86.ActiveCfg = Release|Any CPU
		{988ABA2F-1B74-467E-A9CD-48608CF441CE}.Release|x86.Build.0 = Release|Any CPU
		{430E1107-94C6-43D5-AFEE-C17672854112}.Debug|Any CPU.ActiveCfg = Debug|Any CPU
		{430E1107-94C6-43D5-AFEE-C17672854112}.Debug|Any CPU.Build.0 = Debug|Any CPU
		{430E1107-94C6-43D5-AFEE-C17672854112}.Debug|x64.ActiveCfg = Debug|Any CPU
		{430E1107-94C6-43D5-AFEE-C17672854112}.Debug|x64.Build.0 = Debug|Any CPU
		{430E1107-94C6-43D5-AFEE-C17672854112}.Debug|x86.ActiveCfg = Debug|Any CPU
		{430E1107-94C6-43D5-AFEE-C17672854112}.Debug|x86.Build.0 = Debug|Any CPU
		{430E1107-94C6-43D5-AFEE-C17672854112}.Release|Any CPU.ActiveCfg = Release|Any CPU
		{430E1107-94C6-43D5-AFEE-C17672854112}.Release|Any CPU.Build.0 = Release|Any CPU
		{430E1107-94C6-43D5-AFEE-C17672854112}.Release|x64.ActiveCfg = Release|Any CPU
		{430E1107-94C6-43D5-AFEE-C17672854112}.Release|x64.Build.0 = Release|Any CPU
		{430E1107-94C6-43D5-AFEE-C17672854112}.Release|x86.ActiveCfg = Release|Any CPU
		{430E1107-94C6-43D5-AFEE-C17672854112}.Release|x86.Build.0 = Release|Any CPU
		{7FC42758-3F2D-42E2-88EA-622C5D7F3DF9}.Debug|Any CPU.ActiveCfg = Debug|Any CPU
		{7FC42758-3F2D-42E2-88EA-622C5D7F3DF9}.Debug|Any CPU.Build.0 = Debug|Any CPU
		{7FC42758-3F2D-42E2-88EA-622C5D7F3DF9}.Debug|x64.ActiveCfg = Debug|Any CPU
		{7FC42758-3F2D-42E2-88EA-622C5D7F3DF9}.Debug|x64.Build.0 = Debug|Any CPU
		{7FC42758-3F2D-42E2-88EA-622C5D7F3DF9}.Debug|x86.ActiveCfg = Debug|Any CPU
		{7FC42758-3F2D-42E2-88EA-622C5D7F3DF9}.Debug|x86.Build.0 = Debug|Any CPU
		{7FC42758-3F2D-42E2-88EA-622C5D7F3DF9}.Release|Any CPU.ActiveCfg = Release|Any CPU
		{7FC42758-3F2D-42E2-88EA-622C5D7F3DF9}.Release|Any CPU.Build.0 = Release|Any CPU
		{7FC42758-3F2D-42E2-88EA-622C5D7F3DF9}.Release|x64.ActiveCfg = Release|Any CPU
		{7FC42758-3F2D-42E2-88EA-622C5D7F3DF9}.Release|x64.Build.0 = Release|Any CPU
		{7FC42758-3F2D-42E2-88EA-622C5D7F3DF9}.Release|x86.ActiveCfg = Release|Any CPU
		{7FC42758-3F2D-42E2-88EA-622C5D7F3DF9}.Release|x86.Build.0 = Release|Any CPU
	EndGlobalSection
EndGlobal
